
Microsoft Visual Studio Solution File, Format Version 12.00
# Visual Studio Version 17
VisualStudioVersion = 17.14.36623.8
MinimumVisualStudioVersion = 10.0.40219.1
Project("{FAE04EC0-301F-11D3-BF4B-00C04F79EFBC}") = "CopilotStudioDemo", "CopilotStudioDemo\CopilotStudioDemo.csproj", "{442F3F8D-977E-4265-9CC2-03B042A8D21D}"
EndProject
Global
	GlobalSection(SolutionConfigurationPlatforms) = preSolution
		Debug|Any CPU = Debug|Any CPU
		Release|Any CPU = Release|Any CPU
	EndGlobalSection
	GlobalSection(ProjectConfigurationPlatforms) = postSolution
		{442F3F8D-977E-4265-9CC2-03B042A8D21D}.Debug|Any CPU.ActiveCfg = Debug|Any CPU
		{442F3F8D-977E-4265-9CC2-03B042A8D21D}.Debug|Any CPU.Build.0 = Debug|Any CPU
		{442F3F8D-977E-4265-9CC2-03B042A8D21D}.Release|Any CPU.ActiveCfg = Release|Any CPU
		{442F3F8D-977E-4265-9CC2-03B042A8D21D}.Release|Any CPU.Build.0 = Release|Any CPU
	EndGlobalSection
	GlobalSection(SolutionProperties) = preSolution
		HideSolutionNode = FALSE
	EndGlobalSection
	GlobalSection(ExtensibilityGlobals) = postSolution
		SolutionGuid = {0F71AEBC-1C28-4F9A-A1B6-A54BA8BDA8A1}
	EndGlobalSection
EndGlobal
